<Solution>
  <Folder Name="/BuildingBlocks/">
    <Project Path="BuildingBlocks/BuildingBlocks/BuildingBlocks.csproj" Id="49ba6b33-9665-421e-8c5b-a3a95aab8ec6" />
  </Folder>
  <Folder Name="/Services/" />
  <Folder Name="/Services/Catalog/">
    <Project Path="Services/Catalog/Catalog.API/Catalog.API.csproj" Id="f6653d93-7b0a-42b6-9315-c85a6730cd88" />
  </Folder>
</Solution>
